
Microsoft Visual Studio Solution File, Format Version 12.00
# Visual Studio Version 17
VisualStudioVersion = 17.1.32228.430
MinimumVisualStudioVersion = 10.0.40219.1
Project("{FAE04EC0-301F-11D3-BF4B-00C04F79EFBC}") = "Hospital_Appointment_System_MVC_Project", "Hospital_Appointment_System_MVC_Project\Hospital_Appointment_System_MVC_Project.csproj", "{1A6F8E11-D538-4BA7-86BB-F402948B2092}"
EndProject
Global
	GlobalSection(SolutionConfigurationPlatforms) = preSolution
		Debug|Any CPU = Debug|Any CPU
		Release|Any CPU = Release|Any CPU
	EndGlobalSection
	GlobalSection(ProjectConfigurationPlatforms) = postSolution
		{1A6F8E11-D538-4BA7-86BB-F402948B2092}.Debug|Any CPU.ActiveCfg = Debug|Any CPU
		{1A6F8E11-D538-4BA7-86BB-F402948B2092}.Debug|Any CPU.Build.0 = Debug|Any CPU
		{1A6F8E11-D538-4BA7-86BB-F402948B2092}.Release|Any CPU.ActiveCfg = Release|Any CPU
		{1A6F8E11-D538-4BA7-86BB-F402948B2092}.Release|Any CPU.Build.0 = Release|Any CPU
	EndGlobalSection
	GlobalSection(SolutionProperties) = preSolution
		HideSolutionNode = FALSE
	EndGlobalSection
	GlobalSection(ExtensibilityGlobals) = postSolution
		SolutionGuid = {D05ED24B-A068-49D2-9A93-A2CECB5DD6CE}
	EndGlobalSection
EndGlobal
